
Microsoft Visual Studio Solution File, Format Version 12.00
# Visual Studio Version 17
VisualStudioVersion = 17.14.36511.14
MinimumVisualStudioVersion = 10.0.40219.1
Project("{FAE04EC0-301F-11D3-BF4B-00C04F79EFBC}") = "TqkLibrary.Aegisub.TemplateHelper", "TqkLibrary.Aegisub.TemplateHelper\TqkLibrary.Aegisub.TemplateHelper.csproj", "{18ACC9AF-C793-09D3-BD24-1CD95DF65DE5}"
EndProject
Project("{FAE04EC0-301F-11D3-BF4B-00C04F79EFBC}") = "TqkLibrary.Aegisub", "TqkLibrary.Aegisub\TqkLibrary.Aegisub.csproj", "{32C03379-F041-4120-B426-77580587281B}"
EndProject
Global
	GlobalSection(SolutionConfigurationPlatforms) = preSolution
		Debug|Any CPU = Debug|Any CPU
		Release|Any CPU = Release|Any CPU
	EndGlobalSection
	GlobalSection(ProjectConfigurationPlatforms) = postSolution
		{18ACC9AF-C793-09D3-BD24-1CD95DF65DE5}.Debug|Any CPU.ActiveCfg = Debug|Any CPU
		{18ACC9AF-C793-09D3-BD24-1CD95DF65DE5}.Debug|Any CPU.Build.0 = Debug|Any CPU
		{18ACC9AF-C793-09D3-BD24-1CD95DF65DE5}.Release|Any CPU.ActiveCfg = Release|Any CPU
		{18ACC9AF-C793-09D3-BD24-1CD95DF65DE5}.Release|Any CPU.Build.0 = Release|Any CPU
		{32C03379-F041-4120-B426-77580587281B}.Debug|Any CPU.ActiveCfg = Debug|Any CPU
		{32C03379-F041-4120-B426-77580587281B}.Debug|Any CPU.Build.0 = Debug|Any CPU
		{32C03379-F041-4120-B426-77580587281B}.Release|Any CPU.ActiveCfg = Release|Any CPU
		{32C03379-F041-4120-B426-77580587281B}.Release|Any CPU.Build.0 = Release|Any CPU
	EndGlobalSection
	GlobalSection(SolutionProperties) = preSolution
		HideSolutionNode = FALSE
	EndGlobalSection
	GlobalSection(ExtensibilityGlobals) = postSolution
		SolutionGuid = {68A023C8-F651-4304-8CBC-493F2AF79DD6}
	EndGlobalSection
EndGlobal
